
Microsoft Visual Studio Solution File, Format Version 12.00
# Visual Studio Version 17
VisualStudioVersion = 17.8.34330.188
MinimumVisualStudioVersion = 10.0.40219.1
Project("{FAE04EC0-301F-11D3-BF4B-00C04F79EFBC}") = "Try_Catch", "Try_Catch\Try_Catch.csproj", "{B38109D5-FFF4-4BF3-A11F-147CC15E2720}"
EndProject
Global
	GlobalSection(SolutionConfigurationPlatforms) = preSolution
		Debug|Any CPU = Debug|Any CPU
		Release|Any CPU = Release|Any CPU
	EndGlobalSection
	GlobalSection(ProjectConfigurationPlatforms) = postSolution
		{B38109D5-FFF4-4BF3-A11F-147CC15E2720}.Debug|Any CPU.ActiveCfg = Debug|Any CPU
		{B38109D5-FFF4-4BF3-A11F-147CC15E2720}.Debug|Any CPU.Build.0 = Debug|Any CPU
		{B38109D5-FFF4-4BF3-A11F-147CC15E2720}.Release|Any CPU.ActiveCfg = Release|Any CPU
		{B38109D5-FFF4-4BF3-A11F-147CC15E2720}.Release|Any CPU.Build.0 = Release|Any CPU
	EndGlobalSection
	GlobalSection(SolutionProperties) = preSolution
		HideSolutionNode = FALSE
	EndGlobalSection
	GlobalSection(ExtensibilityGlobals) = postSolution
		SolutionGuid = {EC142CE8-50B4-4DD0-8247-7C53BB2F0D7A}
	EndGlobalSection
EndGlobal
